
Microsoft Visual Studio Solution File, Format Version 12.00
# Visual Studio Version 17
VisualStudioVersion = 17.0.31903.59
MinimumVisualStudioVersion = 10.0.40219.1
Project("{2150E333-8FDC-42A3-9474-1A3956D46DE8}") = "src", "src", "{827E0CD3-B72D-47B6-A68D-7590B98EB39B}"
EndProject
Project("{FAE04EC0-301F-11D3-BF4B-00C04F79EFBC}") = "CfbSim.Core", "src\CfbSim.Core\CfbSim.Core.csproj", "{28CCE3B7-17A5-497D-82E2-7D2E341D85A5}"
EndProject
Project("{2150E333-8FDC-42A3-9474-1A3956D46DE8}") = "tests", "tests", "{0AB3BF05-4346-4AA6-1389-037BE0695223}"
EndProject
Project("{FAE04EC0-301F-11D3-BF4B-00C04F79EFBC}") = "CfbSim.Tests", "tests\CfbSim.Tests\CfbSim.Tests.csproj", "{6A8C4485-0438-433B-9749-8F50D41E6FFB}"
EndProject
Project("{2150E333-8FDC-42A3-9474-1A3956D46DE8}") = "samples", "samples", "{5D20AA90-6969-D8BD-9DCD-8634F4692FDA}"
EndProject
Global
	GlobalSection(SolutionConfigurationPlatforms) = preSolution
		Debug|Any CPU = Debug|Any CPU
		Debug|x64 = Debug|x64
		Debug|x86 = Debug|x86
		Release|Any CPU = Release|Any CPU
		Release|x64 = Release|x64
		Release|x86 = Release|x86
	EndGlobalSection
	GlobalSection(ProjectConfigurationPlatforms) = postSolution
		{28CCE3B7-17A5-497D-82E2-7D2E341D85A5}.Debug|Any CPU.ActiveCfg = Debug|Any CPU
		{28CCE3B7-17A5-497D-82E2-7D2E341D85A5}.Debug|Any CPU.Build.0 = Debug|Any CPU
		{28CCE3B7-17A5-497D-82E2-7D2E341D85A5}.Debug|x64.ActiveCfg = Debug|Any CPU
		{28CCE3B7-17A5-497D-82E2-7D2E341D85A5}.Debug|x64.Build.0 = Debug|Any CPU
		{28CCE3B7-17A5-497D-82E2-7D2E341D85A5}.Debug|x86.ActiveCfg = Debug|Any CPU
		{28CCE3B7-17A5-497D-82E2-7D2E341D85A5}.Debug|x86.Build.0 = Debug|Any CPU
		{28CCE3B7-17A5-497D-82E2-7D2E341D85A5}.Release|Any CPU.ActiveCfg = Release|Any CPU
		{28CCE3B7-17A5-497D-82E2-7D2E341D85A5}.Release|Any CPU.Build.0 = Release|Any CPU
		{28CCE3B7-17A5-497D-82E2-7D2E341D85A5}.Release|x64.ActiveCfg = Release|Any CPU
		{28CCE3B7-17A5-497D-82E2-7D2E341D85A5}.Release|x64.Build.0 = Release|Any CPU
		{28CCE3B7-17A5-497D-82E2-7D2E341D85A5}.Release|x86.ActiveCfg = Release|Any CPU
		{28CCE3B7-17A5-497D-82E2-7D2E341D85A5}.Release|x86.Build.0 = Release|Any CPU
		{6A8C4485-0438-433B-9749-8F50D41E6FFB}.Debug|Any CPU.ActiveCfg = Debug|Any CPU
		{6A8C4485-0438-433B-9749-8F50D41E6FFB}.Debug|Any CPU.Build.0 = Debug|Any CPU
		{6A8C4485-0438-433B-9749-8F50D41E6FFB}.Debug|x64.ActiveCfg = Debug|Any CPU
		{6A8C4485-0438-433B-9749-8F50D41E6FFB}.Debug|x64.Build.0 = Debug|Any CPU
		{6A8C4485-0438-433B-9749-8F50D41E6FFB}.Debug|x86.ActiveCfg = Debug|Any CPU
		{6A8C4485-0438-433B-9749-8F50D41E6FFB}.Debug|x86.Build.0 = Debug|Any CPU
		{6A8C4485-0438-433B-9749-8F50D41E6FFB}.Release|Any CPU.ActiveCfg = Release|Any CPU
		{6A8C4485-0438-433B-9749-8F50D41E6FFB}.Release|Any CPU.Build.0 = Release|Any CPU
		{6A8C4485-0438-433B-9749-8F50D41E6FFB}.Release|x64.ActiveCfg = Release|Any CPU
		{6A8C4485-0438-433B-9749-8F50D41E6FFB}.Release|x64.Build.0 = Release|Any CPU
		{6A8C4485-0438-433B-9749-8F50D41E6FFB}.Release|x86.ActiveCfg = Release|Any CPU
		{6A8C4485-0438-433B-9749-8F50D41E6FFB}.Release|x86.Build.0 = Release|Any CPU
	EndGlobalSection
	GlobalSection(SolutionProperties) = preSolution
		HideSolutionNode = FALSE
	EndGlobalSection
	GlobalSection(NestedProjects) = preSolution
		{28CCE3B7-17A5-497D-82E2-7D2E341D85A5} = {827E0CD3-B72D-47B6-A68D-7590B98EB39B}
		{6A8C4485-0438-433B-9749-8F50D41E6FFB} = {0AB3BF05-4346-4AA6-1389-037BE0695223}
	EndGlobalSection
EndGlobal
